{
  "version": 4,
  "terraform_version": "1.1.7",
  "serial": 19,
  "lineage": "13862c32-99dd-b4be-ab92-fd47d92ddc83",
  "outputs": {
    "random_number": {
      "value": {
        "random_number": {
          "id": "1025",
          "keepers": null,
          "max": 50000,
          "min": 1,
          "result": 1025,
          "seed": null
        }
      },
      "type": [
        "object",
        {
          "random_number": [
            "object",
            {
              "id": "string",
              "keepers": [
                "map",
                "string"
              ],
              "max": "number",
              "min": "number",
              "result": "number",
              "seed": "string"
            }
          ]
        }
      ]
    }
  },
  "resources": [
    {
      "module": "module.random_number",
      "mode": "managed",
      "type": "random_integer",
      "name": "random_number",
      "provider": "provider[\"registry.terraform.io/hashicorp/random\"]",
      "instances": [
        {
          "schema_version": 0,
          "attributes": {
            "id": "1025",
            "keepers": null,
            "max": 50000,
            "min": 1,
            "result": 1025,
            "seed": null
          },
          "sensitive_attributes": [],
          "private": "bnVsbA=="
        }
      ]
    }
  ]
}
